
Microsoft Visual Studio Solution File, Format Version 12.00
# Visual Studio Version 16
VisualStudioVersion = 16.0.30320.27
MinimumVisualStudioVersion = 10.0.40219.1
Project("{888888A0-9F3D-457C-B088-3A5042F75D52}") = "CurrencyBuddyreal", "CurrencyBuddyreal\CurrencyBuddyreal.pyproj", "{A5B7EB6C-F0FF-45AD-B129-27863D1E4C93}"
EndProject
Global
	GlobalSection(SolutionConfigurationPlatforms) = preSolution
		Debug|Any CPU = Debug|Any CPU
		Release|Any CPU = Release|Any CPU
	EndGlobalSection
	GlobalSection(ProjectConfigurationPlatforms) = postSolution
		{A5B7EB6C-F0FF-45AD-B129-27863D1E4C93}.Debug|Any CPU.ActiveCfg = Debug|Any CPU
		{A5B7EB6C-F0FF-45AD-B129-27863D1E4C93}.Release|Any CPU.ActiveCfg = Release|Any CPU
	EndGlobalSection
	GlobalSection(SolutionProperties) = preSolution
		HideSolutionNode = FALSE
	EndGlobalSection
	GlobalSection(ExtensibilityGlobals) = postSolution
		SolutionGuid = {CCE7FCE1-E03A-472D-8820-67ECDA430CA7}
	EndGlobalSection
EndGlobal
